
Microsoft Visual Studio Solution File, Format Version 11.00
# Visual Studio 2010
Project("{FAE04EC0-301F-11D3-BF4B-00C04F79EFBC}") = "Assignment", "ConsoleApplication1\Assignment.csproj", "{B6DAA4EA-AB41-4BE9-8152-CAEDDE791BA2}"
EndProject
Project("{FAE04EC0-301F-11D3-BF4B-00C04F79EFBC}") = "IdentityVsEquality", "IdentityVsEquality\IdentityVsEquality.csproj", "{FC7BAC1C-C02A-412C-B119-8C98C53654F6}"
EndProject
Project("{FAE04EC0-301F-11D3-BF4B-00C04F79EFBC}") = "PlayingCard", "PlayingCard\PlayingCard.csproj", "{BF5C0C40-7BE0-47E7-8180-940E5412A77A}"
EndProject
Project("{FAE04EC0-301F-11D3-BF4B-00C04F79EFBC}") = "ConsoleApplication2", "ConsoleApplication2\ConsoleApplication2.csproj", "{77A2D9BF-80B2-4D14-984E-90C391804700}"
EndProject
Global
	GlobalSection(SolutionConfigurationPlatforms) = preSolution
		Debug|Any CPU = Debug|Any CPU
		Debug|Mixed Platforms = Debug|Mixed Platforms
		Debug|x86 = Debug|x86
		Release|Any CPU = Release|Any CPU
		Release|Mixed Platforms = Release|Mixed Platforms
		Release|x86 = Release|x86
	EndGlobalSection
	GlobalSection(ProjectConfigurationPlatforms) = postSolution
		{B6DAA4EA-AB41-4BE9-8152-CAEDDE791BA2}.Debug|Any CPU.ActiveCfg = Debug|x86
		{B6DAA4EA-AB41-4BE9-8152-CAEDDE791BA2}.Debug|Mixed Platforms.ActiveCfg = Debug|x86
		{B6DAA4EA-AB41-4BE9-8152-CAEDDE791BA2}.Debug|Mixed Platforms.Build.0 = Debug|x86
		{B6DAA4EA-AB41-4BE9-8152-CAEDDE791BA2}.Debug|x86.ActiveCfg = Debug|x86
		{B6DAA4EA-AB41-4BE9-8152-CAEDDE791BA2}.Debug|x86.Build.0 = Debug|x86
		{B6DAA4EA-AB41-4BE9-8152-CAEDDE791BA2}.Release|Any CPU.ActiveCfg = Release|x86
		{B6DAA4EA-AB41-4BE9-8152-CAEDDE791BA2}.Release|Mixed Platforms.ActiveCfg = Release|x86
		{B6DAA4EA-AB41-4BE9-8152-CAEDDE791BA2}.Release|Mixed Platforms.Build.0 = Release|x86
		{B6DAA4EA-AB41-4BE9-8152-CAEDDE791BA2}.Release|x86.ActiveCfg = Release|x86
		{B6DAA4EA-AB41-4BE9-8152-CAEDDE791BA2}.Release|x86.Build.0 = Release|x86
		{FC7BAC1C-C02A-412C-B119-8C98C53654F6}.Debug|Any CPU.ActiveCfg = Debug|x86
		{FC7BAC1C-C02A-412C-B119-8C98C53654F6}.Debug|Mixed Platforms.ActiveCfg = Debug|x86
		{FC7BAC1C-C02A-412C-B119-8C98C53654F6}.Debug|Mixed Platforms.Build.0 = Debug|x86
		{FC7BAC1C-C02A-412C-B119-8C98C53654F6}.Debug|x86.ActiveCfg = Debug|x86
		{FC7BAC1C-C02A-412C-B119-8C98C53654F6}.Debug|x86.Build.0 = Debug|x86
		{FC7BAC1C-C02A-412C-B119-8C98C53654F6}.Release|Any CPU.ActiveCfg = Release|x86
		{FC7BAC1C-C02A-412C-B119-8C98C53654F6}.Release|Mixed Platforms.ActiveCfg = Release|x86
		{FC7BAC1C-C02A-412C-B119-8C98C53654F6}.Release|Mixed Platforms.Build.0 = Release|x86
		{FC7BAC1C-C02A-412C-B119-8C98C53654F6}.Release|x86.ActiveCfg = Release|x86
		{FC7BAC1C-C02A-412C-B119-8C98C53654F6}.Release|x86.Build.0 = Release|x86
		{BF5C0C40-7BE0-47E7-8180-940E5412A77A}.Debug|Any CPU.ActiveCfg = Debug|Any CPU
		{BF5C0C40-7BE0-47E7-8180-940E5412A77A}.Debug|Any CPU.Build.0 = Debug|Any CPU
		{BF5C0C40-7BE0-47E7-8180-940E5412A77A}.Debug|Mixed Platforms.ActiveCfg = Debug|Any CPU
		{BF5C0C40-7BE0-47E7-8180-940E5412A77A}.Debug|Mixed Platforms.Build.0 = Debug|Any CPU
		{BF5C0C40-7BE0-47E7-8180-940E5412A77A}.Debug|x86.ActiveCfg = Debug|Any CPU
		{BF5C0C40-7BE0-47E7-8180-940E5412A77A}.Release|Any CPU.ActiveCfg = Release|Any CPU
		{BF5C0C40-7BE0-47E7-8180-940E5412A77A}.Release|Any CPU.Build.0 = Release|Any CPU
		{BF5C0C40-7BE0-47E7-8180-940E5412A77A}.Release|Mixed Platforms.ActiveCfg = Release|Any CPU
		{BF5C0C40-7BE0-47E7-8180-940E5412A77A}.Release|Mixed Platforms.Build.0 = Release|Any CPU
		{BF5C0C40-7BE0-47E7-8180-940E5412A77A}.Release|x86.ActiveCfg = Release|Any CPU
		{77A2D9BF-80B2-4D14-984E-90C391804700}.Debug|Any CPU.ActiveCfg = Debug|x86
		{77A2D9BF-80B2-4D14-984E-90C391804700}.Debug|Mixed Platforms.ActiveCfg = Debug|x86
		{77A2D9BF-80B2-4D14-984E-90C391804700}.Debug|Mixed Platforms.Build.0 = Debug|x86
		{77A2D9BF-80B2-4D14-984E-90C391804700}.Debug|x86.ActiveCfg = Debug|x86
		{77A2D9BF-80B2-4D14-984E-90C391804700}.Debug|x86.Build.0 = Debug|x86
		{77A2D9BF-80B2-4D14-984E-90C391804700}.Release|Any CPU.ActiveCfg = Release|x86
		{77A2D9BF-80B2-4D14-984E-90C391804700}.Release|Mixed Platforms.ActiveCfg = Release|x86
		{77A2D9BF-80B2-4D14-984E-90C391804700}.Release|Mixed Platforms.Build.0 = Release|x86
		{77A2D9BF-80B2-4D14-984E-90C391804700}.Release|x86.ActiveCfg = Release|x86
		{77A2D9BF-80B2-4D14-984E-90C391804700}.Release|x86.Build.0 = Release|x86
	EndGlobalSection
	GlobalSection(SolutionProperties) = preSolution
		HideSolutionNode = FALSE
	EndGlobalSection
EndGlobal
