
Microsoft Visual Studio Solution File, Format Version 11.00
# Visual Studio 2010
Project("{FAE04EC0-301F-11D3-BF4B-00C04F79EFBC}") = "Chapter9", "Chapter9\Chapter9.csproj", "{59293F94-93BA-4A21-815C-61AE1B85AFBE}"
EndProject
Global
	GlobalSection(SolutionConfigurationPlatforms) = preSolution
		Debug|x86 = Debug|x86
		Release|x86 = Release|x86
	EndGlobalSection
	GlobalSection(ProjectConfigurationPlatforms) = postSolution
		{59293F94-93BA-4A21-815C-61AE1B85AFBE}.Debug|x86.ActiveCfg = Debug|x86
		{59293F94-93BA-4A21-815C-61AE1B85AFBE}.Debug|x86.Build.0 = Debug|x86
		{59293F94-93BA-4A21-815C-61AE1B85AFBE}.Release|x86.ActiveCfg = Release|x86
		{59293F94-93BA-4A21-815C-61AE1B85AFBE}.Release|x86.Build.0 = Release|x86
	EndGlobalSection
	GlobalSection(SolutionProperties) = preSolution
		HideSolutionNode = FALSE
	EndGlobalSection
EndGlobal
