
Microsoft Visual Studio Solution File, Format Version 12.00
# Visual Studio 2012
Project("{FAE04EC0-301F-11D3-BF4B-00C04F79EFBC}") = "Polymorphism", "Polymorphism\Polymorphism.csproj", "{06E18440-5A47-4F50-954C-942B42A9FE8B}"
EndProject
Project("{FAE04EC0-301F-11D3-BF4B-00C04F79EFBC}") = "Overriding", "Overriding\Overriding.csproj", "{0C4575D0-78E0-4E15-BCC9-0BC3E5EAA2C8}"
EndProject
Project("{FAE04EC0-301F-11D3-BF4B-00C04F79EFBC}") = "Overloading", "Overloading\Overloading.csproj", "{FFFD82D7-1566-40A7-9137-7861B1B33E2B}"
EndProject
Project("{FAE04EC0-301F-11D3-BF4B-00C04F79EFBC}") = "Generics", "ClassLibrary1\Generics.csproj", "{4450B4AA-CEFC-42B7-A86A-AE23BEF4832D}"
EndProject
Global
	GlobalSection(SolutionConfigurationPlatforms) = preSolution
		Debug|Any CPU = Debug|Any CPU
		Debug|Mixed Platforms = Debug|Mixed Platforms
		Debug|x86 = Debug|x86
		Release|Any CPU = Release|Any CPU
		Release|Mixed Platforms = Release|Mixed Platforms
		Release|x86 = Release|x86
	EndGlobalSection
	GlobalSection(ProjectConfigurationPlatforms) = postSolution
		{06E18440-5A47-4F50-954C-942B42A9FE8B}.Debug|Any CPU.ActiveCfg = Debug|Any CPU
		{06E18440-5A47-4F50-954C-942B42A9FE8B}.Debug|Any CPU.Build.0 = Debug|Any CPU
		{06E18440-5A47-4F50-954C-942B42A9FE8B}.Debug|Mixed Platforms.ActiveCfg = Debug|Any CPU
		{06E18440-5A47-4F50-954C-942B42A9FE8B}.Debug|Mixed Platforms.Build.0 = Debug|Any CPU
		{06E18440-5A47-4F50-954C-942B42A9FE8B}.Debug|x86.ActiveCfg = Debug|Any CPU
		{06E18440-5A47-4F50-954C-942B42A9FE8B}.Release|Any CPU.ActiveCfg = Release|Any CPU
		{06E18440-5A47-4F50-954C-942B42A9FE8B}.Release|Any CPU.Build.0 = Release|Any CPU
		{06E18440-5A47-4F50-954C-942B42A9FE8B}.Release|Mixed Platforms.ActiveCfg = Release|Any CPU
		{06E18440-5A47-4F50-954C-942B42A9FE8B}.Release|Mixed Platforms.Build.0 = Release|Any CPU
		{06E18440-5A47-4F50-954C-942B42A9FE8B}.Release|x86.ActiveCfg = Release|Any CPU
		{0C4575D0-78E0-4E15-BCC9-0BC3E5EAA2C8}.Debug|Any CPU.ActiveCfg = Debug|x86
		{0C4575D0-78E0-4E15-BCC9-0BC3E5EAA2C8}.Debug|Mixed Platforms.ActiveCfg = Debug|x86
		{0C4575D0-78E0-4E15-BCC9-0BC3E5EAA2C8}.Debug|Mixed Platforms.Build.0 = Debug|x86
		{0C4575D0-78E0-4E15-BCC9-0BC3E5EAA2C8}.Debug|x86.ActiveCfg = Debug|x86
		{0C4575D0-78E0-4E15-BCC9-0BC3E5EAA2C8}.Debug|x86.Build.0 = Debug|x86
		{0C4575D0-78E0-4E15-BCC9-0BC3E5EAA2C8}.Release|Any CPU.ActiveCfg = Release|x86
		{0C4575D0-78E0-4E15-BCC9-0BC3E5EAA2C8}.Release|Mixed Platforms.ActiveCfg = Release|x86
		{0C4575D0-78E0-4E15-BCC9-0BC3E5EAA2C8}.Release|Mixed Platforms.Build.0 = Release|x86
		{0C4575D0-78E0-4E15-BCC9-0BC3E5EAA2C8}.Release|x86.ActiveCfg = Release|x86
		{0C4575D0-78E0-4E15-BCC9-0BC3E5EAA2C8}.Release|x86.Build.0 = Release|x86
		{FFFD82D7-1566-40A7-9137-7861B1B33E2B}.Debug|Any CPU.ActiveCfg = Debug|x86
		{FFFD82D7-1566-40A7-9137-7861B1B33E2B}.Debug|Mixed Platforms.ActiveCfg = Debug|x86
		{FFFD82D7-1566-40A7-9137-7861B1B33E2B}.Debug|Mixed Platforms.Build.0 = Debug|x86
		{FFFD82D7-1566-40A7-9137-7861B1B33E2B}.Debug|x86.ActiveCfg = Debug|x86
		{FFFD82D7-1566-40A7-9137-7861B1B33E2B}.Debug|x86.Build.0 = Debug|x86
		{FFFD82D7-1566-40A7-9137-7861B1B33E2B}.Release|Any CPU.ActiveCfg = Release|x86
		{FFFD82D7-1566-40A7-9137-7861B1B33E2B}.Release|Mixed Platforms.ActiveCfg = Release|x86
		{FFFD82D7-1566-40A7-9137-7861B1B33E2B}.Release|Mixed Platforms.Build.0 = Release|x86
		{FFFD82D7-1566-40A7-9137-7861B1B33E2B}.Release|x86.ActiveCfg = Release|x86
		{FFFD82D7-1566-40A7-9137-7861B1B33E2B}.Release|x86.Build.0 = Release|x86
		{4450B4AA-CEFC-42B7-A86A-AE23BEF4832D}.Debug|Any CPU.ActiveCfg = Debug|Any CPU
		{4450B4AA-CEFC-42B7-A86A-AE23BEF4832D}.Debug|Any CPU.Build.0 = Debug|Any CPU
		{4450B4AA-CEFC-42B7-A86A-AE23BEF4832D}.Debug|Mixed Platforms.ActiveCfg = Debug|Any CPU
		{4450B4AA-CEFC-42B7-A86A-AE23BEF4832D}.Debug|Mixed Platforms.Build.0 = Debug|Any CPU
		{4450B4AA-CEFC-42B7-A86A-AE23BEF4832D}.Debug|x86.ActiveCfg = Debug|Any CPU
		{4450B4AA-CEFC-42B7-A86A-AE23BEF4832D}.Release|Any CPU.ActiveCfg = Release|Any CPU
		{4450B4AA-CEFC-42B7-A86A-AE23BEF4832D}.Release|Any CPU.Build.0 = Release|Any CPU
		{4450B4AA-CEFC-42B7-A86A-AE23BEF4832D}.Release|Mixed Platforms.ActiveCfg = Release|Any CPU
		{4450B4AA-CEFC-42B7-A86A-AE23BEF4832D}.Release|Mixed Platforms.Build.0 = Release|Any CPU
		{4450B4AA-CEFC-42B7-A86A-AE23BEF4832D}.Release|x86.ActiveCfg = Release|Any CPU
	EndGlobalSection
	GlobalSection(SolutionProperties) = preSolution
		HideSolutionNode = FALSE
	EndGlobalSection
EndGlobal
